
Microsoft Visual Studio Solution File, Format Version 12.00
# Visual Studio Version 17
VisualStudioVersion = 17.11.35431.28
MinimumVisualStudioVersion = 10.0.40219.1
Project("{9A19103F-16F7-4668-BE54-9A1E7A4F7556}") = "church-api", ".\church-api\church-api.csproj", "{15706A01-73F0-4625-97AE-94E1F50999EB}"
EndProject
Project("{9A19103F-16F7-4668-BE54-9A1E7A4F7556}") = "church-webui", ".\church-ui\church-ui.csproj", "{382D41B1-E6D1-4C22-BB84-94EDF4D82E66}"
EndProject
Global
	GlobalSection(SolutionConfigurationPlatforms) = preSolution
		Debug|Any CPU = Debug|Any CPU
		Release|Any CPU = Release|Any CPU
	EndGlobalSection
	GlobalSection(ProjectConfigurationPlatforms) = postSolution
		{15706A01-73F0-4625-97AE-94E1F50999EB}.Debug|Any CPU.ActiveCfg = Debug|Any CPU
		{15706A01-73F0-4625-97AE-94E1F50999EB}.Debug|Any CPU.Build.0 = Debug|Any CPU
		{15706A01-73F0-4625-97AE-94E1F50999EB}.Release|Any CPU.ActiveCfg = Release|Any CPU
		{15706A01-73F0-4625-97AE-94E1F50999EB}.Release|Any CPU.Build.0 = Release|Any CPU
		{382D41B1-E6D1-4C22-BB84-94EDF4D82E66}.Debug|Any CPU.ActiveCfg = Debug|Any CPU
		{382D41B1-E6D1-4C22-BB84-94EDF4D82E66}.Debug|Any CPU.Build.0 = Debug|Any CPU
		{382D41B1-E6D1-4C22-BB84-94EDF4D82E66}.Release|Any CPU.ActiveCfg = Release|Any CPU
		{382D41B1-E6D1-4C22-BB84-94EDF4D82E66}.Release|Any CPU.Build.0 = Release|Any CPU
	EndGlobalSection
	GlobalSection(SolutionProperties) = preSolution
		HideSolutionNode = FALSE
	EndGlobalSection
	GlobalSection(ExtensibilityGlobals) = postSolution
		SolutionGuid = {6F027649-CE6B-4509-97E2-71740E02FD8A}
	EndGlobalSection
EndGlobal
